
Microsoft Visual Studio Solution File, Format Version 12.00
# Visual Studio Version 17
VisualStudioVersion = 17.3.32929.385
MinimumVisualStudioVersion = 10.0.40219.1
Project("{FAE04EC0-301F-11D3-BF4B-00C04F79EFBC}") = "FishShop", "FishShop\FishShop.csproj", "{3AD0786D-678A-4BC3-BDD2-461331CEE00D}"
EndProject
Global
	GlobalSection(SolutionConfigurationPlatforms) = preSolution
		Debug|Any CPU = Debug|Any CPU
		Release|Any CPU = Release|Any CPU
	EndGlobalSection
	GlobalSection(ProjectConfigurationPlatforms) = postSolution
		{3AD0786D-678A-4BC3-BDD2-461331CEE00D}.Debug|Any CPU.ActiveCfg = Debug|Any CPU
		{3AD0786D-678A-4BC3-BDD2-461331CEE00D}.Debug|Any CPU.Build.0 = Debug|Any CPU
		{3AD0786D-678A-4BC3-BDD2-461331CEE00D}.Release|Any CPU.ActiveCfg = Release|Any CPU
		{3AD0786D-678A-4BC3-BDD2-461331CEE00D}.Release|Any CPU.Build.0 = Release|Any CPU
	EndGlobalSection
	GlobalSection(SolutionProperties) = preSolution
		HideSolutionNode = FALSE
	EndGlobalSection
	GlobalSection(ExtensibilityGlobals) = postSolution
		SolutionGuid = {C460EB60-0FB4-48B4-AA1D-7B10B986BB33}
	EndGlobalSection
EndGlobal
